
Microsoft Visual Studio Solution File, Format Version 12.00
# Visual Studio Version 17
VisualStudioVersion = 17.5.33424.131
MinimumVisualStudioVersion = 10.0.40219.1
Project("{FAE04EC0-301F-11D3-BF4B-00C04F79EFBC}") = "FoodDeliveryApi", "FoodDeliveryApi\FoodDeliveryApi.csproj", "{68D11D59-EADD-4908-841D-C0CB7DA0E6DA}"
EndProject
Global
	GlobalSection(SolutionConfigurationPlatforms) = preSolution
		Debug|Any CPU = Debug|Any CPU
		Release|Any CPU = Release|Any CPU
	EndGlobalSection
	GlobalSection(ProjectConfigurationPlatforms) = postSolution
		{68D11D59-EADD-4908-841D-C0CB7DA0E6DA}.Debug|Any CPU.ActiveCfg = Debug|Any CPU
		{68D11D59-EADD-4908-841D-C0CB7DA0E6DA}.Debug|Any CPU.Build.0 = Debug|Any CPU
		{68D11D59-EADD-4908-841D-C0CB7DA0E6DA}.Release|Any CPU.ActiveCfg = Release|Any CPU
		{68D11D59-EADD-4908-841D-C0CB7DA0E6DA}.Release|Any CPU.Build.0 = Release|Any CPU
	EndGlobalSection
	GlobalSection(SolutionProperties) = preSolution
		HideSolutionNode = FALSE
	EndGlobalSection
	GlobalSection(ExtensibilityGlobals) = postSolution
		SolutionGuid = {6F18C09D-75AA-42C9-B98F-A58EBA11E2BB}
	EndGlobalSection
EndGlobal
